{
  "object": {
    "pins": [
      {
        "package": "Nuke",
        "repositoryURL": "https://github.com/kean/Nuke.git",
        "state": {
          "branch": null,
          "revision": "8e431251dea0081b6ab154dab61a6ec74e4b6577",
          "version": "12.6.0"
        }
      },
      {
        "package": "NWWebSocket",
        "repositoryURL": "https://github.com/pusher/NWWebSocket.git",
        "state": {
          "branch": null,
          "revision": "1e545fcb53966272fc042aa17ae932f11239e00f",
          "version": "0.5.4"
        }
      },
      {
        "package": "SwiftyJSON",
        "repositoryURL": "https://github.com/SwiftyJSON/SwiftyJSON",
        "state": {
          "branch": null,
          "revision": "af76cf3ef710b6ca5f8c05f3a31307d44a3c5828",
          "version": "5.0.2"
        }
      }
    ]
  },
  "version": 1
}
